
Microsoft Visual Studio Solution File, Format Version 12.00
# Visual Studio 15
VisualStudioVersion = 15.0.27130.2027
MinimumVisualStudioVersion = 10.0.40219.1
Project("{9A19103F-16F7-4668-BE54-9A1E7A4F7556}") = "UCDDToOMSFunc", "UCDDToOMSFunc\UCDDToOMSFunc.csproj", "{F2DF3F1A-F87D-4192-9D3C-25AEB710178C}"
EndProject
Project("{FAE04EC0-301F-11D3-BF4B-00C04F79EFBC}") = "UCDDHourly2OMS", "UCDDHourly2OMSCore\UCDDHourly2OMS.csproj", "{4D404D03-2A1D-4182-92D8-DE05C72E7E21}"
EndProject
Global
	GlobalSection(SolutionConfigurationPlatforms) = preSolution
		Debug|Any CPU = Debug|Any CPU
		Release|Any CPU = Release|Any CPU
	EndGlobalSection
	GlobalSection(ProjectConfigurationPlatforms) = postSolution
		{F2DF3F1A-F87D-4192-9D3C-25AEB710178C}.Debug|Any CPU.ActiveCfg = Debug|Any CPU
		{F2DF3F1A-F87D-4192-9D3C-25AEB710178C}.Debug|Any CPU.Build.0 = Debug|Any CPU
		{F2DF3F1A-F87D-4192-9D3C-25AEB710178C}.Release|Any CPU.ActiveCfg = Release|Any CPU
		{F2DF3F1A-F87D-4192-9D3C-25AEB710178C}.Release|Any CPU.Build.0 = Release|Any CPU
		{4D404D03-2A1D-4182-92D8-DE05C72E7E21}.Debug|Any CPU.ActiveCfg = Debug|Any CPU
		{4D404D03-2A1D-4182-92D8-DE05C72E7E21}.Debug|Any CPU.Build.0 = Debug|Any CPU
		{4D404D03-2A1D-4182-92D8-DE05C72E7E21}.Release|Any CPU.ActiveCfg = Release|Any CPU
		{4D404D03-2A1D-4182-92D8-DE05C72E7E21}.Release|Any CPU.Build.0 = Release|Any CPU
	EndGlobalSection
	GlobalSection(SolutionProperties) = preSolution
		HideSolutionNode = FALSE
	EndGlobalSection
	GlobalSection(ExtensibilityGlobals) = postSolution
		SolutionGuid = {22F8EAE0-9F58-4072-BEF9-0F125984FAAE}
	EndGlobalSection
EndGlobal
